
Microsoft Visual Studio Solution File, Format Version 12.00
# Visual Studio 14
VisualStudioVersion = 14.0.22823.1
MinimumVisualStudioVersion = 10.0.40219.1
Project("{8BC9CEB8-8B4A-11D0-8D11-00A0C91BC942}") = "smoke_test", "smoke_test\smoke_test.vcxproj", "{6EC13C16-751C-47D6-A991-6D13F85ACBED}"
EndProject
Project("{8BC9CEB8-8B4A-11D0-8D11-00A0C91BC942}") = "c4566", "c4566\c4566.vcxproj", "{5D2C877A-613E-46A7-8DFD-CF0D8E64F284}"
EndProject
Project("{8BC9CEB8-8B4A-11D0-8D11-00A0C91BC942}") = "error_handler_test", "error_handler_test\error_handler_test.vcxproj", "{38BF988E-7C69-49B0-8DB1-5CBECD780C41}"
EndProject
Project("{8BC9CEB8-8B4A-11D0-8D11-00A0C91BC942}") = "clean_utf8", "clean_utf8\clean_utf8.vcxproj", "{7DBBBE9C-EE8E-4C9C-999C-7F9D372746FA}"
EndProject
Global
	GlobalSection(SolutionConfigurationPlatforms) = preSolution
		Debug|x86 = Debug|x86
		Release|x86 = Release|x86
	EndGlobalSection
	GlobalSection(ProjectConfigurationPlatforms) = postSolution
		{6EC13C16-751C-47D6-A991-6D13F85ACBED}.Debug|x86.ActiveCfg = Debug|Win32
		{6EC13C16-751C-47D6-A991-6D13F85ACBED}.Debug|x86.Build.0 = Debug|Win32
		{6EC13C16-751C-47D6-A991-6D13F85ACBED}.Release|x86.ActiveCfg = Release|Win32
		{6EC13C16-751C-47D6-A991-6D13F85ACBED}.Release|x86.Build.0 = Release|Win32
		{5D2C877A-613E-46A7-8DFD-CF0D8E64F284}.Debug|x86.ActiveCfg = Debug|Win32
		{5D2C877A-613E-46A7-8DFD-CF0D8E64F284}.Debug|x86.Build.0 = Debug|Win32
		{5D2C877A-613E-46A7-8DFD-CF0D8E64F284}.Release|x86.ActiveCfg = Release|Win32
		{5D2C877A-613E-46A7-8DFD-CF0D8E64F284}.Release|x86.Build.0 = Release|Win32
		{38BF988E-7C69-49B0-8DB1-5CBECD780C41}.Debug|x86.ActiveCfg = Debug|Win32
		{38BF988E-7C69-49B0-8DB1-5CBECD780C41}.Debug|x86.Build.0 = Debug|Win32
		{38BF988E-7C69-49B0-8DB1-5CBECD780C41}.Release|x86.ActiveCfg = Release|Win32
		{38BF988E-7C69-49B0-8DB1-5CBECD780C41}.Release|x86.Build.0 = Release|Win32
		{7DBBBE9C-EE8E-4C9C-999C-7F9D372746FA}.Debug|x86.ActiveCfg = Debug|Win32
		{7DBBBE9C-EE8E-4C9C-999C-7F9D372746FA}.Debug|x86.Build.0 = Debug|Win32
		{7DBBBE9C-EE8E-4C9C-999C-7F9D372746FA}.Release|x86.ActiveCfg = Release|Win32
		{7DBBBE9C-EE8E-4C9C-999C-7F9D372746FA}.Release|x86.Build.0 = Release|Win32
	EndGlobalSection
	GlobalSection(SolutionProperties) = preSolution
		HideSolutionNode = FALSE
	EndGlobalSection
EndGlobal
