
Microsoft Visual Studio Solution File, Format Version 12.00
# Visual Studio 14
VisualStudioVersion = 14.0.25420.1
MinimumVisualStudioVersion = 10.0.40219.1
Project("{8BC9CEB8-8B4A-11D0-8D11-00A0C91BC942}") = "smoke_test", "smoke_test\smoke_test.vcxproj", "{6EC13C16-751C-47D6-A991-6D13F85ACBED}"
EndProject
Project("{8BC9CEB8-8B4A-11D0-8D11-00A0C91BC942}") = "c4566", "c4566\c4566.vcxproj", "{5D2C877A-613E-46A7-8DFD-CF0D8E64F284}"
EndProject
Project("{8BC9CEB8-8B4A-11D0-8D11-00A0C91BC942}") = "error_handler_test", "error_handler_test\error_handler_test.vcxproj", "{38BF988E-7C69-49B0-8DB1-5CBECD780C41}"
EndProject
Project("{8BC9CEB8-8B4A-11D0-8D11-00A0C91BC942}") = "clean_utf8", "clean_utf8\clean_utf8.vcxproj", "{7DBBBE9C-EE8E-4C9C-999C-7F9D372746FA}"
EndProject
Project("{8BC9CEB8-8B4A-11D0-8D11-00A0C91BC942}") = "kuhn_test", "kuhn_test\kuhn_test.vcxproj", "{9347FED3-1155-48C8-8861-9CFD3D215C4E}"
EndProject
Project("{8BC9CEB8-8B4A-11D0-8D11-00A0C91BC942}") = "round_trip_test", "round_trip_test\round_trip_test.vcxproj", "{1BA488D1-5D0C-4E29-AFFC-E22C43F213B3}"
EndProject
Project("{8BC9CEB8-8B4A-11D0-8D11-00A0C91BC942}") = "scratch", "scratch\scratch.vcxproj", "{D3F51742-540C-48B9-9EA0-D2D8BAF0B3BF}"
EndProject
Project("{8BC9CEB8-8B4A-11D0-8D11-00A0C91BC942}") = "utf8-to-big5", "utf8-to-big5\utf8-to-big5.vcxproj", "{977C2BBD-FD1F-4E29-B219-16435E3C5A96}"
EndProject
Project("{8BC9CEB8-8B4A-11D0-8D11-00A0C91BC942}") = "simple_test", "simple_test\simple_test.vcxproj", "{4B1CE9B6-C1DF-4232-951A-7FA3550B52CB}"
EndProject
Global
	GlobalSection(SolutionConfigurationPlatforms) = preSolution
		Debug|x64 = Debug|x64
		Debug|x86 = Debug|x86
		Release|x64 = Release|x64
		Release|x86 = Release|x86
	EndGlobalSection
	GlobalSection(ProjectConfigurationPlatforms) = postSolution
		{6EC13C16-751C-47D6-A991-6D13F85ACBED}.Debug|x64.ActiveCfg = Debug|Win32
		{6EC13C16-751C-47D6-A991-6D13F85ACBED}.Debug|x86.ActiveCfg = Debug|Win32
		{6EC13C16-751C-47D6-A991-6D13F85ACBED}.Debug|x86.Build.0 = Debug|Win32
		{6EC13C16-751C-47D6-A991-6D13F85ACBED}.Release|x64.ActiveCfg = Release|Win32
		{6EC13C16-751C-47D6-A991-6D13F85ACBED}.Release|x86.ActiveCfg = Release|Win32
		{6EC13C16-751C-47D6-A991-6D13F85ACBED}.Release|x86.Build.0 = Release|Win32
		{5D2C877A-613E-46A7-8DFD-CF0D8E64F284}.Debug|x64.ActiveCfg = Debug|Win32
		{5D2C877A-613E-46A7-8DFD-CF0D8E64F284}.Debug|x86.ActiveCfg = Debug|Win32
		{5D2C877A-613E-46A7-8DFD-CF0D8E64F284}.Debug|x86.Build.0 = Debug|Win32
		{5D2C877A-613E-46A7-8DFD-CF0D8E64F284}.Release|x64.ActiveCfg = Release|Win32
		{5D2C877A-613E-46A7-8DFD-CF0D8E64F284}.Release|x86.ActiveCfg = Release|Win32
		{5D2C877A-613E-46A7-8DFD-CF0D8E64F284}.Release|x86.Build.0 = Release|Win32
		{38BF988E-7C69-49B0-8DB1-5CBECD780C41}.Debug|x64.ActiveCfg = Debug|Win32
		{38BF988E-7C69-49B0-8DB1-5CBECD780C41}.Debug|x86.ActiveCfg = Debug|Win32
		{38BF988E-7C69-49B0-8DB1-5CBECD780C41}.Debug|x86.Build.0 = Debug|Win32
		{38BF988E-7C69-49B0-8DB1-5CBECD780C41}.Release|x64.ActiveCfg = Release|Win32
		{38BF988E-7C69-49B0-8DB1-5CBECD780C41}.Release|x86.ActiveCfg = Release|Win32
		{38BF988E-7C69-49B0-8DB1-5CBECD780C41}.Release|x86.Build.0 = Release|Win32
		{7DBBBE9C-EE8E-4C9C-999C-7F9D372746FA}.Debug|x64.ActiveCfg = Debug|Win32
		{7DBBBE9C-EE8E-4C9C-999C-7F9D372746FA}.Debug|x86.ActiveCfg = Debug|Win32
		{7DBBBE9C-EE8E-4C9C-999C-7F9D372746FA}.Release|x64.ActiveCfg = Release|Win32
		{7DBBBE9C-EE8E-4C9C-999C-7F9D372746FA}.Release|x86.ActiveCfg = Release|Win32
		{9347FED3-1155-48C8-8861-9CFD3D215C4E}.Debug|x64.ActiveCfg = Debug|Win32
		{9347FED3-1155-48C8-8861-9CFD3D215C4E}.Debug|x86.ActiveCfg = Debug|Win32
		{9347FED3-1155-48C8-8861-9CFD3D215C4E}.Debug|x86.Build.0 = Debug|Win32
		{9347FED3-1155-48C8-8861-9CFD3D215C4E}.Release|x64.ActiveCfg = Release|Win32
		{9347FED3-1155-48C8-8861-9CFD3D215C4E}.Release|x86.ActiveCfg = Release|Win32
		{9347FED3-1155-48C8-8861-9CFD3D215C4E}.Release|x86.Build.0 = Release|Win32
		{1BA488D1-5D0C-4E29-AFFC-E22C43F213B3}.Debug|x64.ActiveCfg = Debug|Win32
		{1BA488D1-5D0C-4E29-AFFC-E22C43F213B3}.Debug|x86.ActiveCfg = Debug|Win32
		{1BA488D1-5D0C-4E29-AFFC-E22C43F213B3}.Debug|x86.Build.0 = Debug|Win32
		{1BA488D1-5D0C-4E29-AFFC-E22C43F213B3}.Release|x64.ActiveCfg = Release|Win32
		{1BA488D1-5D0C-4E29-AFFC-E22C43F213B3}.Release|x86.ActiveCfg = Release|Win32
		{1BA488D1-5D0C-4E29-AFFC-E22C43F213B3}.Release|x86.Build.0 = Release|Win32
		{D3F51742-540C-48B9-9EA0-D2D8BAF0B3BF}.Debug|x64.ActiveCfg = Debug|x64
		{D3F51742-540C-48B9-9EA0-D2D8BAF0B3BF}.Debug|x64.Build.0 = Debug|x64
		{D3F51742-540C-48B9-9EA0-D2D8BAF0B3BF}.Debug|x86.ActiveCfg = Debug|Win32
		{D3F51742-540C-48B9-9EA0-D2D8BAF0B3BF}.Debug|x86.Build.0 = Debug|Win32
		{D3F51742-540C-48B9-9EA0-D2D8BAF0B3BF}.Release|x64.ActiveCfg = Release|x64
		{D3F51742-540C-48B9-9EA0-D2D8BAF0B3BF}.Release|x64.Build.0 = Release|x64
		{D3F51742-540C-48B9-9EA0-D2D8BAF0B3BF}.Release|x86.ActiveCfg = Release|Win32
		{D3F51742-540C-48B9-9EA0-D2D8BAF0B3BF}.Release|x86.Build.0 = Release|Win32
		{977C2BBD-FD1F-4E29-B219-16435E3C5A96}.Debug|x64.ActiveCfg = Debug|x64
		{977C2BBD-FD1F-4E29-B219-16435E3C5A96}.Debug|x64.Build.0 = Debug|x64
		{977C2BBD-FD1F-4E29-B219-16435E3C5A96}.Debug|x86.ActiveCfg = Debug|Win32
		{977C2BBD-FD1F-4E29-B219-16435E3C5A96}.Debug|x86.Build.0 = Debug|Win32
		{977C2BBD-FD1F-4E29-B219-16435E3C5A96}.Release|x64.ActiveCfg = Release|x64
		{977C2BBD-FD1F-4E29-B219-16435E3C5A96}.Release|x64.Build.0 = Release|x64
		{977C2BBD-FD1F-4E29-B219-16435E3C5A96}.Release|x86.ActiveCfg = Release|Win32
		{977C2BBD-FD1F-4E29-B219-16435E3C5A96}.Release|x86.Build.0 = Release|Win32
		{4B1CE9B6-C1DF-4232-951A-7FA3550B52CB}.Debug|x64.ActiveCfg = Debug|x64
		{4B1CE9B6-C1DF-4232-951A-7FA3550B52CB}.Debug|x64.Build.0 = Debug|x64
		{4B1CE9B6-C1DF-4232-951A-7FA3550B52CB}.Debug|x86.ActiveCfg = Debug|Win32
		{4B1CE9B6-C1DF-4232-951A-7FA3550B52CB}.Debug|x86.Build.0 = Debug|Win32
		{4B1CE9B6-C1DF-4232-951A-7FA3550B52CB}.Release|x64.ActiveCfg = Release|x64
		{4B1CE9B6-C1DF-4232-951A-7FA3550B52CB}.Release|x64.Build.0 = Release|x64
		{4B1CE9B6-C1DF-4232-951A-7FA3550B52CB}.Release|x86.ActiveCfg = Release|Win32
		{4B1CE9B6-C1DF-4232-951A-7FA3550B52CB}.Release|x86.Build.0 = Release|Win32
	EndGlobalSection
	GlobalSection(SolutionProperties) = preSolution
		HideSolutionNode = FALSE
	EndGlobalSection
EndGlobal
